
Microsoft Visual Studio Solution File, Format Version 12.00
# Visual Studio Version 17
VisualStudioVersion = 17.14.36121.58 d17.14
MinimumVisualStudioVersion = 10.0.40219.1
Project("{FAE04EC0-301F-11D3-BF4B-00C04F79EFBC}") = "BasicCalculator", "BasicCalculator\BasicCalculator.csproj", "{1D6F9426-97AC-4AE3-8325-8069761559EA}"
EndProject
Project("{FAE04EC0-301F-11D3-BF4B-00C04F79EFBC}") = "CalculatorPrivateAssembly", "CalculatorPrivateAssembly\CalculatorPrivateAssembly.csproj", "{1FC9840D-A5B9-4A94-9166-744C71C47649}"
EndProject
Global
	GlobalSection(SolutionConfigurationPlatforms) = preSolution
		Debug|Any CPU = Debug|Any CPU
		Release|Any CPU = Release|Any CPU
	EndGlobalSection
	GlobalSection(ProjectConfigurationPlatforms) = postSolution
		{1D6F9426-97AC-4AE3-8325-8069761559EA}.Debug|Any CPU.ActiveCfg = Debug|Any CPU
		{1D6F9426-97AC-4AE3-8325-8069761559EA}.Debug|Any CPU.Build.0 = Debug|Any CPU
		{1D6F9426-97AC-4AE3-8325-8069761559EA}.Release|Any CPU.ActiveCfg = Release|Any CPU
		{1D6F9426-97AC-4AE3-8325-8069761559EA}.Release|Any CPU.Build.0 = Release|Any CPU
		{1FC9840D-A5B9-4A94-9166-744C71C47649}.Debug|Any CPU.ActiveCfg = Debug|Any CPU
		{1FC9840D-A5B9-4A94-9166-744C71C47649}.Debug|Any CPU.Build.0 = Debug|Any CPU
		{1FC9840D-A5B9-4A94-9166-744C71C47649}.Release|Any CPU.ActiveCfg = Release|Any CPU
		{1FC9840D-A5B9-4A94-9166-744C71C47649}.Release|Any CPU.Build.0 = Release|Any CPU
	EndGlobalSection
	GlobalSection(SolutionProperties) = preSolution
		HideSolutionNode = FALSE
	EndGlobalSection
	GlobalSection(ExtensibilityGlobals) = postSolution
		SolutionGuid = {F45500EF-FF20-4DF9-80D9-519249E384C4}
	EndGlobalSection
EndGlobal
